
Microsoft Visual Studio Solution File, Format Version 12.00
# Visual Studio Version 17
VisualStudioVersion = 17.2.32516.85
MinimumVisualStudioVersion = 10.0.40219.1
Project("{9A19103F-16F7-4668-BE54-9A1E7A4F7556}") = "GUI", "GUI\GUI.csproj", "{AE8CB19A-1217-4B5D-97F2-F3C17639FFEA}"
EndProject
Project("{9A19103F-16F7-4668-BE54-9A1E7A4F7556}") = "Algorithm", "Algorithm\Algorithm.csproj", "{D9E945A4-F7F4-4383-8BDB-3B2DF0465BBD}"
EndProject
Project("{9A19103F-16F7-4668-BE54-9A1E7A4F7556}") = "TestMatlabFunctionsAndOperations", "TestMatlabFunctionsAndOperations\TestMatlabFunctionsAndOperations.csproj", "{3A81E5A4-E8F0-4454-BE7C-989F49FE1CC4}"
EndProject
Project("{9A19103F-16F7-4668-BE54-9A1E7A4F7556}") = "GeneralComponents", "GeneralComponents\GeneralComponents.csproj", "{6E8360A4-7844-4381-83D9-6D35556846A6}"
EndProject
Global
	GlobalSection(SolutionConfigurationPlatforms) = preSolution
		Debug|Any CPU = Debug|Any CPU
		Release|Any CPU = Release|Any CPU
	EndGlobalSection
	GlobalSection(ProjectConfigurationPlatforms) = postSolution
		{AE8CB19A-1217-4B5D-97F2-F3C17639FFEA}.Debug|Any CPU.ActiveCfg = Debug|Any CPU
		{AE8CB19A-1217-4B5D-97F2-F3C17639FFEA}.Debug|Any CPU.Build.0 = Debug|Any CPU
		{AE8CB19A-1217-4B5D-97F2-F3C17639FFEA}.Release|Any CPU.ActiveCfg = Release|Any CPU
		{AE8CB19A-1217-4B5D-97F2-F3C17639FFEA}.Release|Any CPU.Build.0 = Release|Any CPU
		{D9E945A4-F7F4-4383-8BDB-3B2DF0465BBD}.Debug|Any CPU.ActiveCfg = Debug|Any CPU
		{D9E945A4-F7F4-4383-8BDB-3B2DF0465BBD}.Debug|Any CPU.Build.0 = Debug|Any CPU
		{D9E945A4-F7F4-4383-8BDB-3B2DF0465BBD}.Release|Any CPU.ActiveCfg = Release|Any CPU
		{D9E945A4-F7F4-4383-8BDB-3B2DF0465BBD}.Release|Any CPU.Build.0 = Release|Any CPU
		{3A81E5A4-E8F0-4454-BE7C-989F49FE1CC4}.Debug|Any CPU.ActiveCfg = Debug|Any CPU
		{3A81E5A4-E8F0-4454-BE7C-989F49FE1CC4}.Debug|Any CPU.Build.0 = Debug|Any CPU
		{3A81E5A4-E8F0-4454-BE7C-989F49FE1CC4}.Release|Any CPU.ActiveCfg = Release|Any CPU
		{3A81E5A4-E8F0-4454-BE7C-989F49FE1CC4}.Release|Any CPU.Build.0 = Release|Any CPU
		{6E8360A4-7844-4381-83D9-6D35556846A6}.Debug|Any CPU.ActiveCfg = Debug|Any CPU
		{6E8360A4-7844-4381-83D9-6D35556846A6}.Debug|Any CPU.Build.0 = Debug|Any CPU
		{6E8360A4-7844-4381-83D9-6D35556846A6}.Release|Any CPU.ActiveCfg = Release|Any CPU
		{6E8360A4-7844-4381-83D9-6D35556846A6}.Release|Any CPU.Build.0 = Release|Any CPU
	EndGlobalSection
	GlobalSection(SolutionProperties) = preSolution
		HideSolutionNode = FALSE
	EndGlobalSection
	GlobalSection(ExtensibilityGlobals) = postSolution
		SolutionGuid = {A2B3036F-EC08-40F2-A8B9-CE28A8744513}
	EndGlobalSection
EndGlobal
