
Microsoft Visual Studio Solution File, Format Version 12.00
# Visual Studio Version 16
VisualStudioVersion = 16.0.31515.178
MinimumVisualStudioVersion = 10.0.40219.1
Project("{9A19103F-16F7-4668-BE54-9A1E7A4F7556}") = "GUI", "GUI\GUI.csproj", "{AE8CB19A-1217-4B5D-97F2-F3C17639FFEA}"
EndProject
Project("{FAE04EC0-301F-11D3-BF4B-00C04F79EFBC}") = "Algorithm", "Algorithm\Algorithm.csproj", "{D9E945A4-F7F4-4383-8BDB-3B2DF0465BBD}"
EndProject
Global
	GlobalSection(SolutionConfigurationPlatforms) = preSolution
		Debug|Any CPU = Debug|Any CPU
		Release|Any CPU = Release|Any CPU
	EndGlobalSection
	GlobalSection(ProjectConfigurationPlatforms) = postSolution
		{AE8CB19A-1217-4B5D-97F2-F3C17639FFEA}.Debug|Any CPU.ActiveCfg = Debug|Any CPU
		{AE8CB19A-1217-4B5D-97F2-F3C17639FFEA}.Debug|Any CPU.Build.0 = Debug|Any CPU
		{AE8CB19A-1217-4B5D-97F2-F3C17639FFEA}.Release|Any CPU.ActiveCfg = Release|Any CPU
		{AE8CB19A-1217-4B5D-97F2-F3C17639FFEA}.Release|Any CPU.Build.0 = Release|Any CPU
		{D9E945A4-F7F4-4383-8BDB-3B2DF0465BBD}.Debug|Any CPU.ActiveCfg = Debug|Any CPU
		{D9E945A4-F7F4-4383-8BDB-3B2DF0465BBD}.Debug|Any CPU.Build.0 = Debug|Any CPU
		{D9E945A4-F7F4-4383-8BDB-3B2DF0465BBD}.Release|Any CPU.ActiveCfg = Release|Any CPU
		{D9E945A4-F7F4-4383-8BDB-3B2DF0465BBD}.Release|Any CPU.Build.0 = Release|Any CPU
	EndGlobalSection
	GlobalSection(SolutionProperties) = preSolution
		HideSolutionNode = FALSE
	EndGlobalSection
	GlobalSection(ExtensibilityGlobals) = postSolution
		SolutionGuid = {A2B3036F-EC08-40F2-A8B9-CE28A8744513}
	EndGlobalSection
EndGlobal
